Microsoft Visual Studio Solution File, Format Version 12.00
# Visual Studio Version 17
VisualStudioVersion = 17.0.31903.59
MinimumVisualStudioVersion = 10.0.40219.1
Project("{9A19103F-16F7-4668-BE54-9A1E7A4F7556}") = "Sqlx.VisualStudio", "src\Sqlx.VisualStudio\Sqlx.VisualStudio.csproj", "{E7C44F2A-3D5B-4F8E-9A1C-2E6F7B8A9C3D}"
EndProject
Project("{2150E333-8FDC-42A3-9474-1A3956D46DE8}") = "Solution Items", "Solution Items", "{F8B9C8A1-2D3E-4F5A-B6C7-8D9E0F1A2B3C}"
	ProjectSection(SolutionItems) = preProject
		README-VS-EXTENSION.md = README-VS-EXTENSION.md
		Directory.Build.props = Directory.Build.props
	EndProjectSection
EndProject
Global
	GlobalSection(SolutionConfigurationPlatforms) = preSolution
		Debug|Any CPU = Debug|Any CPU
		Release|Any CPU = Release|Any CPU
	EndGlobalSection
	GlobalSection(ProjectConfigurationPlatforms) = postSolution
		{E7C44F2A-3D5B-4F8E-9A1C-2E6F7B8A9C3D}.Debug|Any CPU.ActiveCfg = Debug|Any CPU
		{E7C44F2A-3D5B-4F8E-9A1C-2E6F7B8A9C3D}.Debug|Any CPU.Build.0 = Debug|Any CPU
		{E7C44F2A-3D5B-4F8E-9A1C-2E6F7B8A9C3D}.Release|Any CPU.ActiveCfg = Release|Any CPU
		{E7C44F2A-3D5B-4F8E-9A1C-2E6F7B8A9C3D}.Release|Any CPU.Build.0 = Release|Any CPU
	EndGlobalSection
	GlobalSection(SolutionProperties) = preSolution
		HideSolutionNode = FALSE
	EndGlobalSection
	GlobalSection(ExtensibilityGlobals) = postSolution
		SolutionGuid = {A4B5C6D7-8E9F-0A1B-2C3D-4E5F6A7B8C9D}
	EndGlobalSection
EndGlobal
