
Microsoft Visual Studio Solution File, Format Version 12.00
# Visual Studio Version 18
VisualStudioVersion = 18.1.11312.151
MinimumVisualStudioVersion = 15.0.26124.0
Project("{2150E333-8FDC-42A3-9474-1A3956D46DE8}") = "src", "src", "{A1B2C3D4-5E6F-7890-ABCD-1234567890AB}"
EndProject
Project("{9A19103F-16F7-4668-BE54-9A1E7A4F7556}") = "Sqlx", "src\Sqlx\Sqlx.csproj", "{27190C69-DE03-FD83-BFE3-6085554275CF}"
EndProject
Project("{9A19103F-16F7-4668-BE54-9A1E7A4F7556}") = "Sqlx.Generator", "src\Sqlx.Generator\Sqlx.Generator.csproj", "{BDCA5C09-7870-8D72-5924-F3E9C6AC8DCA}"
EndProject
Project("{2150E333-8FDC-42A3-9474-1A3956D46DE8}") = "tests", "tests", "{B8F42F0A-4D1C-4B5E-9C4E-5F7B8A6E9C4D}"
EndProject
Project("{9A19103F-16F7-4668-BE54-9A1E7A4F7556}") = "Sqlx.Tests", "tests\Sqlx.Tests\Sqlx.Tests.csproj", "{64973327-8AE6-4F9E-867E-BA391274A852}"
EndProject
Project("{9A19103F-16F7-4668-BE54-9A1E7A4F7556}") = "Sqlx.Benchmarks", "tests\Sqlx.Benchmarks\Sqlx.Benchmarks.csproj", "{B8E4C2D5-9F7A-4C1B-8D6E-3F9A1B2C5E7D}"
EndProject
Project("{2150E333-8FDC-42A3-9474-1A3956D46DE8}") = "samples", "samples", "{C9E4D7B2-6F3A-4B5E-8C7D-5F8E9A1B2C4D}"
EndProject
Project("{FAE04EC0-301F-11D3-BF4B-00C04F79EFBC}") = "TodoWebApi", "samples\TodoWebApi\TodoWebApi.csproj", "{F6B78358-AF74-44EE-9A2E-13D7153F3132}"
EndProject
Project("{2150E333-8FDC-42A3-9474-1A3956D46DE8}") = "Solution Items", "Solution Items", "{1C28AF7C-60F4-4329-A19B-EA77B2246581}"
	ProjectSection(SolutionItems) = preProject
		.editorconfig = .editorconfig
		.gitignore = .gitignore
		Directory.Build.props = Directory.Build.props
		Directory.Packages.props = Directory.Packages.props
		License.txt = License.txt
		README.md = README.md
		stylecop.json = stylecop.json
	EndProjectSection
EndProject
Project("{2150E333-8FDC-42A3-9474-1A3956D46DE8}") = "docs", "docs", "{AECA725D-8681-4A09-9927-32E2265E2F53}"
	ProjectSection(SolutionItems) = preProject
		docs\ADVANCED_FEATURES.md = docs\ADVANCED_FEATURES.md
		docs\API_REFERENCE.md = docs\API_REFERENCE.md
		docs\BEST_PRACTICES.md = docs\BEST_PRACTICES.md
		docs\CHANGELOG.md = docs\CHANGELOG.md
		docs\FRAMEWORK_COMPATIBILITY.md = docs\FRAMEWORK_COMPATIBILITY.md
		docs\MIGRATION_GUIDE.md = docs\MIGRATION_GUIDE.md
		docs\MULTI_DATABASE_TEMPLATE_ENGINE.md = docs\MULTI_DATABASE_TEMPLATE_ENGINE.md
		docs\PARTIAL_METHODS_GUIDE.md = docs\PARTIAL_METHODS_GUIDE.md
		docs\PLACEHOLDERS.md = docs\PLACEHOLDERS.md
		docs\QUICK_REFERENCE.md = docs\QUICK_REFERENCE.md
		docs\QUICK_START_GUIDE.md = docs\QUICK_START_GUIDE.md
		docs\README.md = docs\README.md
	EndProjectSection
EndProject
Project("{FAE04EC0-301F-11D3-BF4B-00C04F79EFBC}") = "Sqlx.Extension", "src\Sqlx.Extension\Sqlx.Extension.csproj", "{B29065D8-0A8C-427D-9A7A-399A0B0357C2}"
EndProject
Global
	GlobalSection(SolutionConfigurationPlatforms) = preSolution
		Debug|Any CPU = Debug|Any CPU
		Release|Any CPU = Release|Any CPU
	EndGlobalSection
	GlobalSection(ProjectConfigurationPlatforms) = postSolution
		{27190C69-DE03-FD83-BFE3-6085554275CF}.Debug|Any CPU.ActiveCfg = Debug|Any CPU
		{27190C69-DE03-FD83-BFE3-6085554275CF}.Debug|Any CPU.Build.0 = Debug|Any CPU
		{27190C69-DE03-FD83-BFE3-6085554275CF}.Release|Any CPU.ActiveCfg = Release|Any CPU
		{27190C69-DE03-FD83-BFE3-6085554275CF}.Release|Any CPU.Build.0 = Release|Any CPU
		{BDCA5C09-7870-8D72-5924-F3E9C6AC8DCA}.Debug|Any CPU.ActiveCfg = Debug|Any CPU
		{BDCA5C09-7870-8D72-5924-F3E9C6AC8DCA}.Debug|Any CPU.Build.0 = Debug|Any CPU
		{BDCA5C09-7870-8D72-5924-F3E9C6AC8DCA}.Release|Any CPU.ActiveCfg = Release|Any CPU
		{BDCA5C09-7870-8D72-5924-F3E9C6AC8DCA}.Release|Any CPU.Build.0 = Release|Any CPU
		{64973327-8AE6-4F9E-867E-BA391274A852}.Debug|Any CPU.ActiveCfg = Debug|Any CPU
		{64973327-8AE6-4F9E-867E-BA391274A852}.Debug|Any CPU.Build.0 = Debug|Any CPU
		{64973327-8AE6-4F9E-867E-BA391274A852}.Release|Any CPU.ActiveCfg = Release|Any CPU
		{64973327-8AE6-4F9E-867E-BA391274A852}.Release|Any CPU.Build.0 = Release|Any CPU
		{B8E4C2D5-9F7A-4C1B-8D6E-3F9A1B2C5E7D}.Debug|Any CPU.ActiveCfg = Debug|Any CPU
		{B8E4C2D5-9F7A-4C1B-8D6E-3F9A1B2C5E7D}.Debug|Any CPU.Build.0 = Debug|Any CPU
		{B8E4C2D5-9F7A-4C1B-8D6E-3F9A1B2C5E7D}.Release|Any CPU.ActiveCfg = Release|Any CPU
		{B8E4C2D5-9F7A-4C1B-8D6E-3F9A1B2C5E7D}.Release|Any CPU.Build.0 = Release|Any CPU
		{F6B78358-AF74-44EE-9A2E-13D7153F3132}.Debug|Any CPU.ActiveCfg = Debug|Any CPU
		{F6B78358-AF74-44EE-9A2E-13D7153F3132}.Release|Any CPU.ActiveCfg = Release|Any CPU
		{B29065D8-0A8C-427D-9A7A-399A0B0357C2}.Debug|Any CPU.ActiveCfg = Debug|Any CPU
		{B29065D8-0A8C-427D-9A7A-399A0B0357C2}.Release|Any CPU.ActiveCfg = Release|Any CPU
	EndGlobalSection
	GlobalSection(SolutionProperties) = preSolution
		HideSolutionNode = FALSE
	EndGlobalSection
	GlobalSection(NestedProjects) = preSolution
		{27190C69-DE03-FD83-BFE3-6085554275CF} = {A1B2C3D4-5E6F-7890-ABCD-1234567890AB}
		{BDCA5C09-7870-8D72-5924-F3E9C6AC8DCA} = {A1B2C3D4-5E6F-7890-ABCD-1234567890AB}
		{64973327-8AE6-4F9E-867E-BA391274A852} = {B8F42F0A-4D1C-4B5E-9C4E-5F7B8A6E9C4D}
		{B8E4C2D5-9F7A-4C1B-8D6E-3F9A1B2C5E7D} = {B8F42F0A-4D1C-4B5E-9C4E-5F7B8A6E9C4D}
		{F6B78358-AF74-44EE-9A2E-13D7153F3132} = {C9E4D7B2-6F3A-4B5E-8C7D-5F8E9A1B2C4D}
		{B29065D8-0A8C-427D-9A7A-399A0B0357C2} = {A1B2C3D4-5E6F-7890-ABCD-1234567890AB}
	EndGlobalSection
	GlobalSection(ExtensibilityGlobals) = postSolution
		SolutionGuid = {E18E939C-FD52-4D7F-8232-5E7BE9DF8EBF}
	EndGlobalSection
EndGlobal
